
Microsoft Visual Studio Solution File, Format Version 12.00
# Visual Studio Version 17
VisualStudioVersion = 17.4.33213.308
MinimumVisualStudioVersion = 10.0.40219.1
Project("{FAE04EC0-301F-11D3-BF4B-00C04F79EFBC}") = "FirstWebAPI", "FirstWebAPI\FirstWebAPI.csproj", "{A670F47D-385F-4A48-AB0A-D05C4F155A78}"
EndProject
Global
	GlobalSection(SolutionConfigurationPlatforms) = preSolution
		Debug|Any CPU = Debug|Any CPU
		Release|Any CPU = Release|Any CPU
	EndGlobalSection
	GlobalSection(ProjectConfigurationPlatforms) = postSolution
		{A670F47D-385F-4A48-AB0A-D05C4F155A78}.Debug|Any CPU.ActiveCfg = Debug|Any CPU
		{A670F47D-385F-4A48-AB0A-D05C4F155A78}.Debug|Any CPU.Build.0 = Debug|Any CPU
		{A670F47D-385F-4A48-AB0A-D05C4F155A78}.Release|Any CPU.ActiveCfg = Release|Any CPU
		{A670F47D-385F-4A48-AB0A-D05C4F155A78}.Release|Any CPU.Build.0 = Release|Any CPU
	EndGlobalSection
	GlobalSection(SolutionProperties) = preSolution
		HideSolutionNode = FALSE
	EndGlobalSection
	GlobalSection(ExtensibilityGlobals) = postSolution
		SolutionGuid = {834ED240-37DA-4F04-8603-64885A2115A8}
	EndGlobalSection
EndGlobal
